
Microsoft Visual Studio Solution File, Format Version 12.00
# Visual Studio Version 17
VisualStudioVersion = 17.5.002.0
MinimumVisualStudioVersion = 10.0.40219.1
Project("{2150E333-8FDC-42A3-9474-1A3956D46DE8}") = "csharp-prep", "csharp-prep", "{1D728DEA-C127-458C-BED8-47C41F2104C4}"
EndProject
Project("{9A19103F-16F7-4668-BE54-9A1E7A4F7556}") = "Prep1", "csharp-prep\Prep1\Prep1.csproj", "{5C802E2E-FEC4-4C33-A10B-46FBC9B1651A}"
EndProject
Project("{9A19103F-16F7-4668-BE54-9A1E7A4F7556}") = "Prep2", "csharp-prep\Prep2\Prep2.csproj", "{C6B5633C-C627-4DE0-A708-71B76C8442B2}"
EndProject
Project("{9A19103F-16F7-4668-BE54-9A1E7A4F7556}") = "Prep3", "csharp-prep\Prep3\Prep3.csproj", "{B5CF243E-FD3F-46E9-925D-6C0C47EEB3E2}"
EndProject
Project("{9A19103F-16F7-4668-BE54-9A1E7A4F7556}") = "Prep4", "csharp-prep\Prep4\Prep4.csproj", "{AF07BFAD-D10F-4A6E-8FED-72104275ACAD}"
EndProject
Project("{9A19103F-16F7-4668-BE54-9A1E7A4F7556}") = "Prep5", "csharp-prep\Prep5\Prep5.csproj", "{17B2CEF0-BDDD-42A3-96F7-58BADCC5AD88}"
EndProject
Project("{2150E333-8FDC-42A3-9474-1A3956D46DE8}") = "final", "final", "{A49BDCBC-2CC6-4593-AD33-6EFCB36C985C}"
EndProject
Project("{9A19103F-16F7-4668-BE54-9A1E7A4F7556}") = "FinalProject", "final\FinalProject\FinalProject.csproj", "{492003FB-8904-4C14-9C93-16A3A5D834DF}"
EndProject
Project("{9A19103F-16F7-4668-BE54-9A1E7A4F7556}") = "Foundation1", "final\Foundation1\Foundation1.csproj", "{999FE45B-CFAE-4B16-9619-EC5416454D8D}"
EndProject
Project("{9A19103F-16F7-4668-BE54-9A1E7A4F7556}") = "Foundation2", "final\Foundation2\Foundation2.csproj", "{426FD388-7D62-47DA-BDB6-6DF0272740CA}"
EndProject
Project("{9A19103F-16F7-4668-BE54-9A1E7A4F7556}") = "Foundation3", "final\Foundation3\Foundation3.csproj", "{797CD050-C237-45D5-8F51-4903B4838BDF}"
EndProject
Project("{9A19103F-16F7-4668-BE54-9A1E7A4F7556}") = "Foundation4", "final\Foundation4\Foundation4.csproj", "{EEE6A674-080F-47F6-A9BE-018B66CFAFC9}"
EndProject
Project("{2150E333-8FDC-42A3-9474-1A3956D46DE8}") = "prepare", "prepare", "{568A380C-C680-4A40-B3CB-E1E983D65258}"
EndProject
Project("{9A19103F-16F7-4668-BE54-9A1E7A4F7556}") = "Learning02", "prepare\Learning02\Learning02.csproj", "{AB1B51C7-6206-48FF-8F03-306C4EBE017B}"
EndProject
Project("{9A19103F-16F7-4668-BE54-9A1E7A4F7556}") = "Learning03", "prepare\Learning03\Learning03.csproj", "{D1FA5002-337D-453D-A1E8-6E726374C4C7}"
EndProject
Project("{9A19103F-16F7-4668-BE54-9A1E7A4F7556}") = "Learning04", "prepare\Learning04\Learning04.csproj", "{6964FA12-70B0-4E43-AEF7-9B75E960626E}"
EndProject
Project("{9A19103F-16F7-4668-BE54-9A1E7A4F7556}") = "Learning05", "prepare\Learning05\Learning05.csproj", "{4C30F3FB-492E-4C3B-A433-EFE78AC0B860}"
EndProject
Project("{2150E333-8FDC-42A3-9474-1A3956D46DE8}") = "prove", "prove", "{2F2C5FC1-C8AF-4C15-9653-785F37F63F73}"
EndProject
Project("{9A19103F-16F7-4668-BE54-9A1E7A4F7556}") = "Develop02", "prove\Develop02\Develop02.csproj", "{80B27C72-6D8E-47EC-94F7-DC40D503DCD3}"
EndProject
Project("{9A19103F-16F7-4668-BE54-9A1E7A4F7556}") = "Develop03", "prove\Develop03\Develop03.csproj", "{0AC7D2EB-7724-4679-85AA-ABC8A41A8B5E}"
EndProject
Project("{9A19103F-16F7-4668-BE54-9A1E7A4F7556}") = "Develop04", "prove\Develop04\Develop04.csproj", "{AEBD4EFD-8D24-4DBD-B165-B1A79FBFE37C}"
EndProject
Project("{9A19103F-16F7-4668-BE54-9A1E7A4F7556}") = "Develop05", "prove\Develop05\Develop05.csproj", "{C72F4B0C-45A9-48F6-B6CA-3D37D83583CA}"
EndProject
Project("{2150E333-8FDC-42A3-9474-1A3956D46DE8}") = "sandbox", "sandbox", "{1B09D0E9-14F2-40BC-97C2-1E11D10B9516}"
EndProject
Project("{9A19103F-16F7-4668-BE54-9A1E7A4F7556}") = "Sandbox", "sandbox\Sandbox\Sandbox.csproj", "{57284725-017A-4A26-990A-8065F4FBD60B}"
EndProject
Global
	GlobalSection(SolutionConfigurationPlatforms) = preSolution
		Debug|Any CPU = Debug|Any CPU
		Release|Any CPU = Release|Any CPU
	EndGlobalSection
	GlobalSection(ProjectConfigurationPlatforms) = postSolution
		{5C802E2E-FEC4-4C33-A10B-46FBC9B1651A}.Debug|Any CPU.ActiveCfg = Debug|Any CPU
		{5C802E2E-FEC4-4C33-A10B-46FBC9B1651A}.Debug|Any CPU.Build.0 = Debug|Any CPU
		{5C802E2E-FEC4-4C33-A10B-46FBC9B1651A}.Release|Any CPU.ActiveCfg = Release|Any CPU
		{5C802E2E-FEC4-4C33-A10B-46FBC9B1651A}.Release|Any CPU.Build.0 = Release|Any CPU
		{C6B5633C-C627-4DE0-A708-71B76C8442B2}.Debug|Any CPU.ActiveCfg = Debug|Any CPU
		{C6B5633C-C627-4DE0-A708-71B76C8442B2}.Debug|Any CPU.Build.0 = Debug|Any CPU
		{C6B5633C-C627-4DE0-A708-71B76C8442B2}.Release|Any CPU.ActiveCfg = Release|Any CPU
		{C6B5633C-C627-4DE0-A708-71B76C8442B2}.Release|Any CPU.Build.0 = Release|Any CPU
		{B5CF243E-FD3F-46E9-925D-6C0C47EEB3E2}.Debug|Any CPU.ActiveCfg = Debug|Any CPU
		{B5CF243E-FD3F-46E9-925D-6C0C47EEB3E2}.Debug|Any CPU.Build.0 = Debug|Any CPU
		{B5CF243E-FD3F-46E9-925D-6C0C47EEB3E2}.Release|Any CPU.ActiveCfg = Release|Any CPU
		{B5CF243E-FD3F-46E9-925D-6C0C47EEB3E2}.Release|Any CPU.Build.0 = Release|Any CPU
		{AF07BFAD-D10F-4A6E-8FED-72104275ACAD}.Debug|Any CPU.ActiveCfg = Debug|Any CPU
		{AF07BFAD-D10F-4A6E-8FED-72104275ACAD}.Debug|Any CPU.Build.0 = Debug|Any CPU
		{AF07BFAD-D10F-4A6E-8FED-72104275ACAD}.Release|Any CPU.ActiveCfg = Release|Any CPU
		{AF07BFAD-D10F-4A6E-8FED-72104275ACAD}.Release|Any CPU.Build.0 = Release|Any CPU
		{17B2CEF0-BDDD-42A3-96F7-58BADCC5AD88}.Debug|Any CPU.ActiveCfg = Debug|Any CPU
		{17B2CEF0-BDDD-42A3-96F7-58BADCC5AD88}.Debug|Any CPU.Build.0 = Debug|Any CPU
		{17B2CEF0-BDDD-42A3-96F7-58BADCC5AD88}.Release|Any CPU.ActiveCfg = Release|Any CPU
		{17B2CEF0-BDDD-42A3-96F7-58BADCC5AD88}.Release|Any CPU.Build.0 = Release|Any CPU
		{492003FB-8904-4C14-9C93-16A3A5D834DF}.Debug|Any CPU.ActiveCfg = Debug|Any CPU
		{492003FB-8904-4C14-9C93-16A3A5D834DF}.Debug|Any CPU.Build.0 = Debug|Any CPU
		{492003FB-8904-4C14-9C93-16A3A5D834DF}.Release|Any CPU.ActiveCfg = Release|Any CPU
		{492003FB-8904-4C14-9C93-16A3A5D834DF}.Release|Any CPU.Build.0 = Release|Any CPU
		{999FE45B-CFAE-4B16-9619-EC5416454D8D}.Debug|Any CPU.ActiveCfg = Debug|Any CPU
		{999FE45B-CFAE-4B16-9619-EC5416454D8D}.Debug|Any CPU.Build.0 = Debug|Any CPU
		{999FE45B-CFAE-4B16-9619-EC5416454D8D}.Release|Any CPU.ActiveCfg = Release|Any CPU
		{999FE45B-CFAE-4B16-9619-EC5416454D8D}.Release|Any CPU.Build.0 = Release|Any CPU
		{426FD388-7D62-47DA-BDB6-6DF0272740CA}.Debug|Any CPU.ActiveCfg = Debug|Any CPU
		{426FD388-7D62-47DA-BDB6-6DF0272740CA}.Debug|Any CPU.Build.0 = Debug|Any CPU
		{426FD388-7D62-47DA-BDB6-6DF0272740CA}.Release|Any CPU.ActiveCfg = Release|Any CPU
		{426FD388-7D62-47DA-BDB6-6DF0272740CA}.Release|Any CPU.Build.0 = Release|Any CPU
		{797CD050-C237-45D5-8F51-4903B4838BDF}.Debug|Any CPU.ActiveCfg = Debug|Any CPU
		{797CD050-C237-45D5-8F51-4903B4838BDF}.Debug|Any CPU.Build.0 = Debug|Any CPU
		{797CD050-C237-45D5-8F51-4903B4838BDF}.Release|Any CPU.ActiveCfg = Release|Any CPU
		{797CD050-C237-45D5-8F51-4903B4838BDF}.Release|Any CPU.Build.0 = Release|Any CPU
		{EEE6A674-080F-47F6-A9BE-018B66CFAFC9}.Debug|Any CPU.ActiveCfg = Debug|Any CPU
		{EEE6A674-080F-47F6-A9BE-018B66CFAFC9}.Debug|Any CPU.Build.0 = Debug|Any CPU
		{EEE6A674-080F-47F6-A9BE-018B66CFAFC9}.Release|Any CPU.ActiveCfg = Release|Any CPU
		{EEE6A674-080F-47F6-A9BE-018B66CFAFC9}.Release|Any CPU.Build.0 = Release|Any CPU
		{AB1B51C7-6206-48FF-8F03-306C4EBE017B}.Debug|Any CPU.ActiveCfg = Debug|Any CPU
		{AB1B51C7-6206-48FF-8F03-306C4EBE017B}.Debug|Any CPU.Build.0 = Debug|Any CPU
		{AB1B51C7-6206-48FF-8F03-306C4EBE017B}.Release|Any CPU.ActiveCfg = Release|Any CPU
		{AB1B51C7-6206-48FF-8F03-306C4EBE017B}.Release|Any CPU.Build.0 = Release|Any CPU
		{D1FA5002-337D-453D-A1E8-6E726374C4C7}.Debug|Any CPU.ActiveCfg = Debug|Any CPU
		{D1FA5002-337D-453D-A1E8-6E726374C4C7}.Debug|Any CPU.Build.0 = Debug|Any CPU
		{D1FA5002-337D-453D-A1E8-6E726374C4C7}.Release|Any CPU.ActiveCfg = Release|Any CPU
		{D1FA5002-337D-453D-A1E8-6E726374C4C7}.Release|Any CPU.Build.0 = Release|Any CPU
		{6964FA12-70B0-4E43-AEF7-9B75E960626E}.Debug|Any CPU.ActiveCfg = Debug|Any CPU
		{6964FA12-70B0-4E43-AEF7-9B75E960626E}.Debug|Any CPU.Build.0 = Debug|Any CPU
		{6964FA12-70B0-4E43-AEF7-9B75E960626E}.Release|Any CPU.ActiveCfg = Release|Any CPU
		{6964FA12-70B0-4E43-AEF7-9B75E960626E}.Release|Any CPU.Build.0 = Release|Any CPU
		{4C30F3FB-492E-4C3B-A433-EFE78AC0B860}.Debug|Any CPU.ActiveCfg = Debug|Any CPU
		{4C30F3FB-492E-4C3B-A433-EFE78AC0B860}.Debug|Any CPU.Build.0 = Debug|Any CPU
		{4C30F3FB-492E-4C3B-A433-EFE78AC0B860}.Release|Any CPU.ActiveCfg = Release|Any CPU
		{4C30F3FB-492E-4C3B-A433-EFE78AC0B860}.Release|Any CPU.Build.0 = Release|Any CPU
		{80B27C72-6D8E-47EC-94F7-DC40D503DCD3}.Debug|Any CPU.ActiveCfg = Debug|Any CPU
		{80B27C72-6D8E-47EC-94F7-DC40D503DCD3}.Debug|Any CPU.Build.0 = Debug|Any CPU
		{80B27C72-6D8E-47EC-94F7-DC40D503DCD3}.Release|Any CPU.ActiveCfg = Release|Any CPU
		{80B27C72-6D8E-47EC-94F7-DC40D503DCD3}.Release|Any CPU.Build.0 = Release|Any CPU
		{0AC7D2EB-7724-4679-85AA-ABC8A41A8B5E}.Debug|Any CPU.ActiveCfg = Debug|Any CPU
		{0AC7D2EB-7724-4679-85AA-ABC8A41A8B5E}.Debug|Any CPU.Build.0 = Debug|Any CPU
		{0AC7D2EB-7724-4679-85AA-ABC8A41A8B5E}.Release|Any CPU.ActiveCfg = Release|Any CPU
		{0AC7D2EB-7724-4679-85AA-ABC8A41A8B5E}.Release|Any CPU.Build.0 = Release|Any CPU
		{AEBD4EFD-8D24-4DBD-B165-B1A79FBFE37C}.Debug|Any CPU.ActiveCfg = Debug|Any CPU
		{AEBD4EFD-8D24-4DBD-B165-B1A79FBFE37C}.Debug|Any CPU.Build.0 = Debug|Any CPU
		{AEBD4EFD-8D24-4DBD-B165-B1A79FBFE37C}.Release|Any CPU.ActiveCfg = Release|Any CPU
		{AEBD4EFD-8D24-4DBD-B165-B1A79FBFE37C}.Release|Any CPU.Build.0 = Release|Any CPU
		{C72F4B0C-45A9-48F6-B6CA-3D37D83583CA}.Debug|Any CPU.ActiveCfg = Debug|Any CPU
		{C72F4B0C-45A9-48F6-B6CA-3D37D83583CA}.Debug|Any CPU.Build.0 = Debug|Any CPU
		{C72F4B0C-45A9-48F6-B6CA-3D37D83583CA}.Release|Any CPU.ActiveCfg = Release|Any CPU
		{C72F4B0C-45A9-48F6-B6CA-3D37D83583CA}.Release|Any CPU.Build.0 = Release|Any CPU
		{57284725-017A-4A26-990A-8065F4FBD60B}.Debug|Any CPU.ActiveCfg = Debug|Any CPU
		{57284725-017A-4A26-990A-8065F4FBD60B}.Debug|Any CPU.Build.0 = Debug|Any CPU
		{57284725-017A-4A26-990A-8065F4FBD60B}.Release|Any CPU.ActiveCfg = Release|Any CPU
		{57284725-017A-4A26-990A-8065F4FBD60B}.Release|Any CPU.Build.0 = Release|Any CPU
	EndGlobalSection
	GlobalSection(SolutionProperties) = preSolution
		HideSolutionNode = FALSE
	EndGlobalSection
	GlobalSection(NestedProjects) = preSolution
		{5C802E2E-FEC4-4C33-A10B-46FBC9B1651A} = {1D728DEA-C127-458C-BED8-47C41F2104C4}
		{C6B5633C-C627-4DE0-A708-71B76C8442B2} = {1D728DEA-C127-458C-BED8-47C41F2104C4}
		{B5CF243E-FD3F-46E9-925D-6C0C47EEB3E2} = {1D728DEA-C127-458C-BED8-47C41F2104C4}
		{AF07BFAD-D10F-4A6E-8FED-72104275ACAD} = {1D728DEA-C127-458C-BED8-47C41F2104C4}
		{17B2CEF0-BDDD-42A3-96F7-58BADCC5AD88} = {1D728DEA-C127-458C-BED8-47C41F2104C4}
		{492003FB-8904-4C14-9C93-16A3A5D834DF} = {A49BDCBC-2CC6-4593-AD33-6EFCB36C985C}
		{999FE45B-CFAE-4B16-9619-EC5416454D8D} = {A49BDCBC-2CC6-4593-AD33-6EFCB36C985C}
		{426FD388-7D62-47DA-BDB6-6DF0272740CA} = {A49BDCBC-2CC6-4593-AD33-6EFCB36C985C}
		{797CD050-C237-45D5-8F51-4903B4838BDF} = {A49BDCBC-2CC6-4593-AD33-6EFCB36C985C}
		{EEE6A674-080F-47F6-A9BE-018B66CFAFC9} = {A49BDCBC-2CC6-4593-AD33-6EFCB36C985C}
		{AB1B51C7-6206-48FF-8F03-306C4EBE017B} = {568A380C-C680-4A40-B3CB-E1E983D65258}
		{D1FA5002-337D-453D-A1E8-6E726374C4C7} = {568A380C-C680-4A40-B3CB-E1E983D65258}
		{6964FA12-70B0-4E43-AEF7-9B75E960626E} = {568A380C-C680-4A40-B3CB-E1E983D65258}
		{4C30F3FB-492E-4C3B-A433-EFE78AC0B860} = {568A380C-C680-4A40-B3CB-E1E983D65258}
		{80B27C72-6D8E-47EC-94F7-DC40D503DCD3} = {2F2C5FC1-C8AF-4C15-9653-785F37F63F73}
		{0AC7D2EB-7724-4679-85AA-ABC8A41A8B5E} = {2F2C5FC1-C8AF-4C15-9653-785F37F63F73}
		{AEBD4EFD-8D24-4DBD-B165-B1A79FBFE37C} = {2F2C5FC1-C8AF-4C15-9653-785F37F63F73}
		{C72F4B0C-45A9-48F6-B6CA-3D37D83583CA} = {2F2C5FC1-C8AF-4C15-9653-785F37F63F73}
		{57284725-017A-4A26-990A-8065F4FBD60B} = {1B09D0E9-14F2-40BC-97C2-1E11D10B9516}
	EndGlobalSection
	GlobalSection(ExtensibilityGlobals) = postSolution
		SolutionGuid = {3FB2EE90-B2F3-442A-A9ED-D324370F1643}
	EndGlobalSection
EndGlobal
